
Microsoft Visual Studio Solution File, Format Version 12.00
# Visual Studio Version 17
VisualStudioVersion = 17.14.36221.1 d17.14
MinimumVisualStudioVersion = 10.0.40219.1
Project("{FAE04EC0-301F-11D3-BF4B-00C04F79EFBC}") = "BlazorCountdown", "BlazorCountdown\BlazorCountdown\BlazorCountdown.csproj", "{C50BE485-3FB0-45C2-8438-07461D16BF92}"
EndProject
Project("{FAE04EC0-301F-11D3-BF4B-00C04F79EFBC}") = "BlazorCountdown.Client", "BlazorCountdown\BlazorCountdown.Client\BlazorCountdown.Client.csproj", "{3513A8DC-D001-426E-BA79-40540832616C}"
EndProject
Global
	GlobalSection(SolutionConfigurationPlatforms) = preSolution
		Debug|Any CPU = Debug|Any CPU
		Release|Any CPU = Release|Any CPU
	EndGlobalSection
	GlobalSection(ProjectConfigurationPlatforms) = postSolution
		{C50BE485-3FB0-45C2-8438-07461D16BF92}.Debug|Any CPU.ActiveCfg = Debug|Any CPU
		{C50BE485-3FB0-45C2-8438-07461D16BF92}.Debug|Any CPU.Build.0 = Debug|Any CPU
		{C50BE485-3FB0-45C2-8438-07461D16BF92}.Release|Any CPU.ActiveCfg = Release|Any CPU
		{C50BE485-3FB0-45C2-8438-07461D16BF92}.Release|Any CPU.Build.0 = Release|Any CPU
		{3513A8DC-D001-426E-BA79-40540832616C}.Debug|Any CPU.ActiveCfg = Debug|Any CPU
		{3513A8DC-D001-426E-BA79-40540832616C}.Debug|Any CPU.Build.0 = Debug|Any CPU
		{3513A8DC-D001-426E-BA79-40540832616C}.Release|Any CPU.ActiveCfg = Release|Any CPU
		{3513A8DC-D001-426E-BA79-40540832616C}.Release|Any CPU.Build.0 = Release|Any CPU
	EndGlobalSection
	GlobalSection(SolutionProperties) = preSolution
		HideSolutionNode = FALSE
	EndGlobalSection
	GlobalSection(ExtensibilityGlobals) = postSolution
		SolutionGuid = {1061E1BF-7EF3-48C2-8BF5-032C27CAE607}
	EndGlobalSection
EndGlobal
